
Microsoft Visual Studio Solution File, Format Version 12.00
# Visual Studio Version 17
VisualStudioVersion = 17.5.002.0
MinimumVisualStudioVersion = 10.0.40219.1
Project("{9A19103F-16F7-4668-BE54-9A1E7A4F7556}") = "TechJobPortal", "TechJobPortal.csproj", "{890B40B8-26C7-4FEE-AD13-1F7D0A542113}"
EndProject
Global
	GlobalSection(SolutionConfigurationPlatforms) = preSolution
		Debug|Any CPU = Debug|Any CPU
		Release|Any CPU = Release|Any CPU
	EndGlobalSection
	GlobalSection(ProjectConfigurationPlatforms) = postSolution
		{890B40B8-26C7-4FEE-AD13-1F7D0A542113}.Debug|Any CPU.ActiveCfg = Debug|Any CPU
		{890B40B8-26C7-4FEE-AD13-1F7D0A542113}.Debug|Any CPU.Build.0 = Debug|Any CPU
		{890B40B8-26C7-4FEE-AD13-1F7D0A542113}.Release|Any CPU.ActiveCfg = Release|Any CPU
		{890B40B8-26C7-4FEE-AD13-1F7D0A542113}.Release|Any CPU.Build.0 = Release|Any CPU
	EndGlobalSection
	GlobalSection(SolutionProperties) = preSolution
		HideSolutionNode = FALSE
	EndGlobalSection
	GlobalSection(ExtensibilityGlobals) = postSolution
		SolutionGuid = {8B04F986-2BC1-4F64-A7B5-48C148195395}
	EndGlobalSection
EndGlobal
